
Microsoft Visual Studio Solution File, Format Version 12.00
# Visual Studio Version 17
VisualStudioVersion = 17.8.34309.116
MinimumVisualStudioVersion = 10.0.40219.1
Project("{FAE04EC0-301F-11D3-BF4B-00C04F79EFBC}") = "cafe class", "cafe class\cafe class.csproj", "{5B8E3DD8-758B-4223-8B78-FEA925BF57F3}"
EndProject
Global
	GlobalSection(SolutionConfigurationPlatforms) = preSolution
		Debug|Any CPU = Debug|Any CPU
		Release|Any CPU = Release|Any CPU
	EndGlobalSection
	GlobalSection(ProjectConfigurationPlatforms) = postSolution
		{5B8E3DD8-758B-4223-8B78-FEA925BF57F3}.Debug|Any CPU.ActiveCfg = Debug|Any CPU
		{5B8E3DD8-758B-4223-8B78-FEA925BF57F3}.Debug|Any CPU.Build.0 = Debug|Any CPU
		{5B8E3DD8-758B-4223-8B78-FEA925BF57F3}.Release|Any CPU.ActiveCfg = Release|Any CPU
		{5B8E3DD8-758B-4223-8B78-FEA925BF57F3}.Release|Any CPU.Build.0 = Release|Any CPU
	EndGlobalSection
	GlobalSection(SolutionProperties) = preSolution
		HideSolutionNode = FALSE
	EndGlobalSection
	GlobalSection(ExtensibilityGlobals) = postSolution
		SolutionGuid = {D1306B21-6FBD-4CB5-ACC2-2E2293F33B54}
	EndGlobalSection
EndGlobal
